
Microsoft Visual Studio Solution File, Format Version 12.00
Project("{FAE04EC0-301F-11D3-BF4B-00C04F79EFBC}") = "ArcadiaTest", "ArcadiaTest\ArcadiaTest.csproj", "{BBE7EA2E-F32B-4CFC-83E5-7755C857FBF2}"
EndProject
Global
	GlobalSection(SolutionConfigurationPlatforms) = preSolution
		Debug|Any CPU = Debug|Any CPU
		Release|Any CPU = Release|Any CPU
	EndGlobalSection
	GlobalSection(ProjectConfigurationPlatforms) = postSolution
		{BBE7EA2E-F32B-4CFC-83E5-7755C857FBF2}.Debug|Any CPU.ActiveCfg = Debug|Any CPU
		{BBE7EA2E-F32B-4CFC-83E5-7755C857FBF2}.Debug|Any CPU.Build.0 = Debug|Any CPU
		{BBE7EA2E-F32B-4CFC-83E5-7755C857FBF2}.Release|Any CPU.ActiveCfg = Release|Any CPU
		{BBE7EA2E-F32B-4CFC-83E5-7755C857FBF2}.Release|Any CPU.Build.0 = Release|Any CPU
	EndGlobalSection
EndGlobal
